{
  "version": 4,
  "terraform_version": "1.9.1",
  "serial": 8,
  "lineage": "bf546ab5-d8f3-b4a0-c4b2-efb71eb20cc6",
  "outputs": {},
  "resources": [
    {
      "mode": "managed",
      "type": "azurerm_resource_group",
      "name": "grupo_recursos",
      "provider": "provider[\"registry.terraform.io/hashicorp/azurerm\"]",
      "instances": [
        {
          "schema_version": 0,
          "attributes": {
            "id": "/subscriptions/dfe16603-bae8-4514-8330-17656b011ea5/resourceGroups/rg_terraformg1",
            "location": "eastus",
            "managed_by": "",
            "name": "rg_terraformg1",
            "tags": {},
            "timeouts": null
          },
          "sensitive_attributes": [],
          "private": "eyJlMmJmYjczMC1lY2FhLTExZTYtOGY4OC0zNDM2M2JjN2M0YzAiOnsiY3JlYXRlIjo1NDAwMDAwMDAwMDAwLCJkZWxldGUiOjU0MDAwMDAwMDAwMDAsInJlYWQiOjMwMDAwMDAwMDAwMCwidXBkYXRlIjo1NDAwMDAwMDAwMDAwfX0="
        }
      ]
    },
    {
      "mode": "managed",
      "type": "azurerm_service_plan",
      "name": "appserviceplan",
      "provider": "provider[\"registry.terraform.io/hashicorp/azurerm\"]",
      "instances": [
        {
          "schema_version": 1,
          "attributes": {
            "app_service_environment_id": "",
            "id": "/subscriptions/dfe16603-bae8-4514-8330-17656b011ea5/resourceGroups/rg_terraformg1/providers/Microsoft.Web/serverFarms/app_plang1",
            "kind": "app",
            "location": "eastus",
            "maximum_elastic_worker_count": 1,
            "name": "app_plang1",
            "os_type": "Windows",
            "per_site_scaling_enabled": false,
            "reserved": false,
            "resource_group_name": "rg_terraformg1",
            "sku_name": "S1",
            "tags": null,
            "timeouts": null,
            "worker_count": 1,
            "zone_balancing_enabled": false
          },
          "sensitive_attributes": [],
          "private": "eyJlMmJmYjczMC1lY2FhLTExZTYtOGY4OC0zNDM2M2JjN2M0YzAiOnsiY3JlYXRlIjozNjAwMDAwMDAwMDAwLCJkZWxldGUiOjM2MDAwMDAwMDAwMDAsInJlYWQiOjMwMDAwMDAwMDAwMCwidXBkYXRlIjozNjAwMDAwMDAwMDAwfSwic2NoZW1hX3ZlcnNpb24iOiIxIn0=",
          "dependencies": [
            "azurerm_resource_group.grupo_recursos"
          ]
        }
      ]
    },
    {
      "mode": "managed",
      "type": "azurerm_windows_web_app",
      "name": "webapp",
      "provider": "provider[\"registry.terraform.io/hashicorp/azurerm\"]",
      "instances": [
        {
          "schema_version": 1,
          "attributes": {
            "app_settings": null,
            "auth_settings": [],
            "auth_settings_v2": [],
            "backup": [],
            "client_affinity_enabled": false,
            "client_certificate_enabled": false,
            "client_certificate_exclusion_paths": "",
            "client_certificate_mode": "Required",
            "connection_string": [],
            "custom_domain_verification_id": "625DFAA5D8DDD578ECB5B68971CE99E7AA17F095AACD003EAFE38D8F8E6E8CC6",
            "default_hostname": "webapp-wh.azurewebsites.net",
            "enabled": true,
            "ftp_publish_basic_authentication_enabled": true,
            "hosting_environment_id": "",
            "https_only": false,
            "id": "/subscriptions/dfe16603-bae8-4514-8330-17656b011ea5/resourceGroups/rg_terraformg1/providers/Microsoft.Web/sites/webapp-wh",
            "identity": [],
            "key_vault_reference_identity_id": "SystemAssigned",
            "kind": "app",
            "location": "eastus",
            "logs": [],
            "name": "webapp-wh",
            "outbound_ip_address_list": [
              "20.124.140.251",
              "20.124.141.17",
              "20.124.141.35",
              "20.124.141.59",
              "20.124.141.66",
              "20.124.141.108",
              "20.119.8.23"
            ],
            "outbound_ip_addresses": "20.124.140.251,20.124.141.17,20.124.141.35,20.124.141.59,20.124.141.66,20.124.141.108,20.119.8.23",
            "possible_outbound_ip_address_list": [
              "20.124.140.251",
              "20.124.141.17",
              "20.124.141.35",
              "20.124.141.59",
              "20.124.141.66",
              "20.124.141.108",
              "20.124.141.122",
              "20.124.141.149",
              "20.124.141.174",
              "20.124.141.189",
              "20.124.141.204",
              "20.124.141.235",
              "20.124.142.13",
              "20.124.142.16",
              "20.124.142.50",
              "20.124.142.63",
              "20.124.142.73",
              "20.124.142.83",
              "20.124.142.86",
              "20.124.142.90",
              "20.124.142.96",
              "20.124.142.103",
              "20.124.142.148",
              "20.124.142.156",
              "20.124.142.233",
              "20.124.143.41",
              "20.124.143.63",
              "20.124.143.72",
              "20.124.143.92",
              "20.124.143.99",
              "20.119.8.23"
            ],
            "possible_outbound_ip_addresses": "20.124.140.251,20.124.141.17,20.124.141.35,20.124.141.59,20.124.141.66,20.124.141.108,20.124.141.122,20.124.141.149,20.124.141.174,20.124.141.189,20.124.141.204,20.124.141.235,20.124.142.13,20.124.142.16,20.124.142.50,20.124.142.63,20.124.142.73,20.124.142.83,20.124.142.86,20.124.142.90,20.124.142.96,20.124.142.103,20.124.142.148,20.124.142.156,20.124.142.233,20.124.143.41,20.124.143.63,20.124.143.72,20.124.143.92,20.124.143.99,20.119.8.23",
            "public_network_access_enabled": true,
            "resource_group_name": "rg_terraformg1",
            "service_plan_id": "/subscriptions/dfe16603-bae8-4514-8330-17656b011ea5/resourceGroups/rg_terraformg1/providers/Microsoft.Web/serverFarms/app_plang1",
            "site_config": [
              {
                "always_on": true,
                "api_definition_url": "",
                "api_management_api_id": "",
                "app_command_line": "",
                "application_stack": [
                  {
                    "current_stack": "",
                    "docker_container_name": "",
                    "docker_container_registry": "",
                    "docker_container_tag": "",
                    "docker_image_name": "",
                    "docker_registry_password": "",
                    "docker_registry_url": "",
                    "docker_registry_username": "",
                    "dotnet_core_version": "",
                    "dotnet_version": "v4.0",
                    "java_container": "",
                    "java_container_version": "",
                    "java_embedded_server_enabled": false,
                    "java_version": "",
                    "node_version": "",
                    "php_version": "5.6",
                    "python": false,
                    "python_version": "",
                    "tomcat_version": ""
                  }
                ],
                "auto_heal_enabled": false,
                "auto_heal_setting": [],
                "container_registry_managed_identity_client_id": "",
                "container_registry_use_managed_identity": false,
                "cors": [],
                "default_documents": [
                  "Default.htm",
                  "Default.html",
                  "Default.asp",
                  "index.htm",
                  "index.html",
                  "iisstart.htm",
                  "default.aspx",
                  "index.php",
                  "hostingstart.html"
                ],
                "detailed_error_logging_enabled": false,
                "ftps_state": "Disabled",
                "handler_mapping": [],
                "health_check_eviction_time_in_min": 0,
                "health_check_path": "",
                "http2_enabled": false,
                "ip_restriction": [],
                "ip_restriction_default_action": "Allow",
                "linux_fx_version": "",
                "load_balancing_mode": "LeastRequests",
                "local_mysql_enabled": false,
                "managed_pipeline_mode": "Integrated",
                "minimum_tls_version": "1.2",
                "remote_debugging_enabled": false,
                "remote_debugging_version": "VS2022",
                "scm_ip_restriction": [],
                "scm_ip_restriction_default_action": "Allow",
                "scm_minimum_tls_version": "1.2",
                "scm_type": "None",
                "scm_use_main_ip_restriction": false,
                "use_32_bit_worker": true,
                "virtual_application": [],
                "vnet_route_all_enabled": false,
                "websockets_enabled": false,
                "windows_fx_version": "",
                "worker_count": 1
              }
            ],
            "site_credential": [
              {
                "name": "$webapp-wh",
                "password": "ooj7wheioay2wD37YzSkZ29vcgu7ap7btcsoeZF62iP6wlThCFZtsBRpR1mh"
              }
            ],
            "sticky_settings": [],
            "storage_account": [],
            "tags": null,
            "timeouts": null,
            "virtual_network_subnet_id": "",
            "webdeploy_publish_basic_authentication_enabled": true,
            "zip_deploy_file": ""
          },
          "sensitive_attributes": [
            [
              {
                "type": "get_attr",
                "value": "custom_domain_verification_id"
              }
            ],
            [
              {
                "type": "get_attr",
                "value": "site_config"
              },
              {
                "type": "index",
                "value": {
                  "value": 0,
                  "type": "number"
                }
              },
              {
                "type": "get_attr",
                "value": "application_stack"
              },
              {
                "type": "index",
                "value": {
                  "value": 0,
                  "type": "number"
                }
              },
              {
                "type": "get_attr",
                "value": "docker_registry_password"
              }
            ],
            [
              {
                "type": "get_attr",
                "value": "site_credential"
              }
            ]
          ],
          "private": "eyJlMmJmYjczMC1lY2FhLTExZTYtOGY4OC0zNDM2M2JjN2M0YzAiOnsiY3JlYXRlIjoxODAwMDAwMDAwMDAwLCJkZWxldGUiOjE4MDAwMDAwMDAwMDAsInJlYWQiOjMwMDAwMDAwMDAwMCwidXBkYXRlIjoxODAwMDAwMDAwMDAwfSwic2NoZW1hX3ZlcnNpb24iOiIxIn0=",
          "dependencies": [
            "azurerm_resource_group.grupo_recursos",
            "azurerm_service_plan.appserviceplan"
          ]
        }
      ]
    }
  ],
  "check_results": null
}
